
Microsoft Visual Studio Solution File, Format Version 12.00
# Visual Studio Version 16
VisualStudioVersion = 16.0.32126.315
MinimumVisualStudioVersion = 10.0.40219.1
Project("{FAE04EC0-301F-11D3-BF4B-00C04F79EFBC}") = "POO Post e Comments", "POO Post e Comments\POO Post e Comments.csproj", "{48206026-292A-4480-9E96-D972D37EA55F}"
EndProject
Global
	GlobalSection(SolutionConfigurationPlatforms) = preSolution
		Debug|Any CPU = Debug|Any CPU
		Release|Any CPU = Release|Any CPU
	EndGlobalSection
	GlobalSection(ProjectConfigurationPlatforms) = postSolution
		{48206026-292A-4480-9E96-D972D37EA55F}.Debug|Any CPU.ActiveCfg = Debug|Any CPU
		{48206026-292A-4480-9E96-D972D37EA55F}.Debug|Any CPU.Build.0 = Debug|Any CPU
		{48206026-292A-4480-9E96-D972D37EA55F}.Release|Any CPU.ActiveCfg = Release|Any CPU
		{48206026-292A-4480-9E96-D972D37EA55F}.Release|Any CPU.Build.0 = Release|Any CPU
	EndGlobalSection
	GlobalSection(SolutionProperties) = preSolution
		HideSolutionNode = FALSE
	EndGlobalSection
	GlobalSection(ExtensibilityGlobals) = postSolution
		SolutionGuid = {EEF2E856-59A6-4CB5-8A8A-D9C1F2CBE047}
	EndGlobalSection
EndGlobal
